
Microsoft Visual Studio Solution File, Format Version 12.00
# Visual Studio 15
VisualStudioVersion = 15.0.27130.2024
MinimumVisualStudioVersion = 10.0.40219.1
Project("{FAE04EC0-301F-11D3-BF4B-00C04F79EFBC}") = "ChartPerformance.Android", "ChartPerformance\ChartPerformance.Android\ChartPerformance.Android.csproj", "{87431614-EA03-41FF-9F7A-CFCF75DED858}"
EndProject
Project("{FAE04EC0-301F-11D3-BF4B-00C04F79EFBC}") = "ChartPerformance.iOS", "ChartPerformance\ChartPerformance.iOS\ChartPerformance.iOS.csproj", "{8B4FEFFC-1A95-486B-BB4A-8E37187E7474}"
EndProject
Project("{FAE04EC0-301F-11D3-BF4B-00C04F79EFBC}") = "ChartPerformance.UWP", "ChartPerformance\ChartPerformance.UWP\ChartPerformance.UWP.csproj", "{15F3D638-3B2F-4329-9A4B-50EEEBFDBE90}"
EndProject
Project("{FAE04EC0-301F-11D3-BF4B-00C04F79EFBC}") = "ChartPerformance", "ChartPerformance\ChartPerformance\ChartPerformance.csproj", "{708AFFF0-1797-4473-8D10-F525571F3643}"
EndProject
Global
	GlobalSection(SolutionConfigurationPlatforms) = preSolution
		Ad-Hoc|Any CPU = Ad-Hoc|Any CPU
		Ad-Hoc|ARM = Ad-Hoc|ARM
		Ad-Hoc|iPhone = Ad-Hoc|iPhone
		Ad-Hoc|iPhoneSimulator = Ad-Hoc|iPhoneSimulator
		Ad-Hoc|x64 = Ad-Hoc|x64
		Ad-Hoc|x86 = Ad-Hoc|x86
		AppStore|Any CPU = AppStore|Any CPU
		AppStore|ARM = AppStore|ARM
		AppStore|iPhone = AppStore|iPhone
		AppStore|iPhoneSimulator = AppStore|iPhoneSimulator
		AppStore|x64 = AppStore|x64
		AppStore|x86 = AppStore|x86
		Debug|Any CPU = Debug|Any CPU
		Debug|ARM = Debug|ARM
		Debug|iPhone = Debug|iPhone
		Debug|iPhoneSimulator = Debug|iPhoneSimulator
		Debug|x64 = Debug|x64
		Debug|x86 = Debug|x86
		Release|Any CPU = Release|Any CPU
		Release|ARM = Release|ARM
		Release|iPhone = Release|iPhone
		Release|iPhoneSimulator = Release|iPhoneSimulator
		Release|x64 = Release|x64
		Release|x86 = Release|x86
		Release-xml|Any CPU = Release-xml|Any CPU
		Release-xml|ARM = Release-xml|ARM
		Release-xml|iPhone = Release-xml|iPhone
		Release-xml|iPhoneSimulator = Release-xml|iPhoneSimulator
		Release-xml|x64 = Release-xml|x64
		Release-xml|x86 = Release-xml|x86
	EndGlobalSection
	GlobalSection(ProjectConfigurationPlatforms) = postSolution
		{87431614-EA03-41FF-9F7A-CFCF75DED858}.Ad-Hoc|Any CPU.ActiveCfg = Release|Any CPU
		{87431614-EA03-41FF-9F7A-CFCF75DED858}.Ad-Hoc|Any CPU.Build.0 = Release|Any CPU
		{87431614-EA03-41FF-9F7A-CFCF75DED858}.Ad-Hoc|Any CPU.Deploy.0 = Release|Any CPU
		{87431614-EA03-41FF-9F7A-CFCF75DED858}.Ad-Hoc|ARM.ActiveCfg = Release|Any CPU
		{87431614-EA03-41FF-9F7A-CFCF75DED858}.Ad-Hoc|ARM.Build.0 = Release|Any CPU
		{87431614-EA03-41FF-9F7A-CFCF75DED858}.Ad-Hoc|ARM.Deploy.0 = Release|Any CPU
		{87431614-EA03-41FF-9F7A-CFCF75DED858}.Ad-Hoc|iPhone.ActiveCfg = Release|Any CPU
		{87431614-EA03-41FF-9F7A-CFCF75DED858}.Ad-Hoc|iPhone.Build.0 = Release|Any CPU
		{87431614-EA03-41FF-9F7A-CFCF75DED858}.Ad-Hoc|iPhone.Deploy.0 = Release|Any CPU
		{87431614-EA03-41FF-9F7A-CFCF75DED858}.Ad-Hoc|iPhoneSimulator.ActiveCfg = Release|Any CPU
		{87431614-EA03-41FF-9F7A-CFCF75DED858}.Ad-Hoc|iPhoneSimulator.Build.0 = Release|Any CPU
		{87431614-EA03-41FF-9F7A-CFCF75DED858}.Ad-Hoc|iPhoneSimulator.Deploy.0 = Release|Any CPU
		{87431614-EA03-41FF-9F7A-CFCF75DED858}.Ad-Hoc|x64.ActiveCfg = Release|Any CPU
		{87431614-EA03-41FF-9F7A-CFCF75DED858}.Ad-Hoc|x64.Build.0 = Release|Any CPU
		{87431614-EA03-41FF-9F7A-CFCF75DED858}.Ad-Hoc|x64.Deploy.0 = Release|Any CPU
		{87431614-EA03-41FF-9F7A-CFCF75DED858}.Ad-Hoc|x86.ActiveCfg = Release|Any CPU
		{87431614-EA03-41FF-9F7A-CFCF75DED858}.Ad-Hoc|x86.Build.0 = Release|Any CPU
		{87431614-EA03-41FF-9F7A-CFCF75DED858}.Ad-Hoc|x86.Deploy.0 = Release|Any CPU
		{87431614-EA03-41FF-9F7A-CFCF75DED858}.AppStore|Any CPU.ActiveCfg = Release|Any CPU
		{87431614-EA03-41FF-9F7A-CFCF75DED858}.AppStore|Any CPU.Build.0 = Release|Any CPU
		{87431614-EA03-41FF-9F7A-CFCF75DED858}.AppStore|Any CPU.Deploy.0 = Release|Any CPU
		{87431614-EA03-41FF-9F7A-CFCF75DED858}.AppStore|ARM.ActiveCfg = Release|Any CPU
		{87431614-EA03-41FF-9F7A-CFCF75DED858}.AppStore|ARM.Build.0 = Release|Any CPU
		{87431614-EA03-41FF-9F7A-CFCF75DED858}.AppStore|ARM.Deploy.0 = Release|Any CPU
		{87431614-EA03-41FF-9F7A-CFCF75DED858}.AppStore|iPhone.ActiveCfg = Release|Any CPU
		{87431614-EA03-41FF-9F7A-CFCF75DED858}.AppStore|iPhone.Build.0 = Release|Any CPU
		{87431614-EA03-41FF-9F7A-CFCF75DED858}.AppStore|iPhone.Deploy.0 = Release|Any CPU
		{87431614-EA03-41FF-9F7A-CFCF75DED858}.AppStore|iPhoneSimulator.ActiveCfg = Release|Any CPU
		{87431614-EA03-41FF-9F7A-CFCF75DED858}.AppStore|iPhoneSimulator.Build.0 = Release|Any CPU
		{87431614-EA03-41FF-9F7A-CFCF75DED858}.AppStore|iPhoneSimulator.Deploy.0 = Release|Any CPU
		{87431614-EA03-41FF-9F7A-CFCF75DED858}.AppStore|x64.ActiveCfg = Release|Any CPU
		{87431614-EA03-41FF-9F7A-CFCF75DED858}.AppStore|x64.Build.0 = Release|Any CPU
		{87431614-EA03-41FF-9F7A-CFCF75DED858}.AppStore|x64.Deploy.0 = Release|Any CPU
		{87431614-EA03-41FF-9F7A-CFCF75DED858}.AppStore|x86.ActiveCfg = Release|Any CPU
		{87431614-EA03-41FF-9F7A-CFCF75DED858}.AppStore|x86.Build.0 = Release|Any CPU
		{87431614-EA03-41FF-9F7A-CFCF75DED858}.AppStore|x86.Deploy.0 = Release|Any CPU
		{87431614-EA03-41FF-9F7A-CFCF75DED858}.Debug|Any CPU.ActiveCfg = Debug|Any CPU
		{87431614-EA03-41FF-9F7A-CFCF75DED858}.Debug|Any CPU.Build.0 = Debug|Any CPU
		{87431614-EA03-41FF-9F7A-CFCF75DED858}.Debug|Any CPU.Deploy.0 = Debug|Any CPU
		{87431614-EA03-41FF-9F7A-CFCF75DED858}.Debug|ARM.ActiveCfg = Debug|Any CPU
		{87431614-EA03-41FF-9F7A-CFCF75DED858}.Debug|ARM.Build.0 = Debug|Any CPU
		{87431614-EA03-41FF-9F7A-CFCF75DED858}.Debug|ARM.Deploy.0 = Debug|Any CPU
		{87431614-EA03-41FF-9F7A-CFCF75DED858}.Debug|iPhone.ActiveCfg = Debug|Any CPU
		{87431614-EA03-41FF-9F7A-CFCF75DED858}.Debug|iPhone.Build.0 = Debug|Any CPU
		{87431614-EA03-41FF-9F7A-CFCF75DED858}.Debug|iPhone.Deploy.0 = Debug|Any CPU
		{87431614-EA03-41FF-9F7A-CFCF75DED858}.Debug|iPhoneSimulator.ActiveCfg = Debug|Any CPU
		{87431614-EA03-41FF-9F7A-CFCF75DED858}.Debug|iPhoneSimulator.Build.0 = Debug|Any CPU
		{87431614-EA03-41FF-9F7A-CFCF75DED858}.Debug|iPhoneSimulator.Deploy.0 = Debug|Any CPU
		{87431614-EA03-41FF-9F7A-CFCF75DED858}.Debug|x64.ActiveCfg = Debug|Any CPU
		{87431614-EA03-41FF-9F7A-CFCF75DED858}.Debug|x64.Build.0 = Debug|Any CPU
		{87431614-EA03-41FF-9F7A-CFCF75DED858}.Debug|x64.Deploy.0 = Debug|Any CPU
		{87431614-EA03-41FF-9F7A-CFCF75DED858}.Debug|x86.ActiveCfg = Debug|Any CPU
		{87431614-EA03-41FF-9F7A-CFCF75DED858}.Debug|x86.Build.0 = Debug|Any CPU
		{87431614-EA03-41FF-9F7A-CFCF75DED858}.Debug|x86.Deploy.0 = Debug|Any CPU
		{87431614-EA03-41FF-9F7A-CFCF75DED858}.Release|Any CPU.ActiveCfg = Release|Any CPU
		{87431614-EA03-41FF-9F7A-CFCF75DED858}.Release|Any CPU.Build.0 = Release|Any CPU
		{87431614-EA03-41FF-9F7A-CFCF75DED858}.Release|Any CPU.Deploy.0 = Release|Any CPU
		{87431614-EA03-41FF-9F7A-CFCF75DED858}.Release|ARM.ActiveCfg = Release|Any CPU
		{87431614-EA03-41FF-9F7A-CFCF75DED858}.Release|ARM.Build.0 = Release|Any CPU
		{87431614-EA03-41FF-9F7A-CFCF75DED858}.Release|ARM.Deploy.0 = Release|Any CPU
		{87431614-EA03-41FF-9F7A-CFCF75DED858}.Release|iPhone.ActiveCfg = Release|Any CPU
		{87431614-EA03-41FF-9F7A-CFCF75DED858}.Release|iPhone.Build.0 = Release|Any CPU
		{87431614-EA03-41FF-9F7A-CFCF75DED858}.Release|iPhone.Deploy.0 = Release|Any CPU
		{87431614-EA03-41FF-9F7A-CFCF75DED858}.Release|iPhoneSimulator.ActiveCfg = Release|Any CPU
		{87431614-EA03-41FF-9F7A-CFCF75DED858}.Release|iPhoneSimulator.Build.0 = Release|Any CPU
		{87431614-EA03-41FF-9F7A-CFCF75DED858}.Release|iPhoneSimulator.Deploy.0 = Release|Any CPU
		{87431614-EA03-41FF-9F7A-CFCF75DED858}.Release|x64.ActiveCfg = Release|Any CPU
		{87431614-EA03-41FF-9F7A-CFCF75DED858}.Release|x64.Build.0 = Release|Any CPU
		{87431614-EA03-41FF-9F7A-CFCF75DED858}.Release|x64.Deploy.0 = Release|Any CPU
		{87431614-EA03-41FF-9F7A-CFCF75DED858}.Release|x86.ActiveCfg = Release|Any CPU
		{87431614-EA03-41FF-9F7A-CFCF75DED858}.Release|x86.Build.0 = Release|Any CPU
		{87431614-EA03-41FF-9F7A-CFCF75DED858}.Release|x86.Deploy.0 = Release|Any CPU
		{87431614-EA03-41FF-9F7A-CFCF75DED858}.Release-xml|Any CPU.ActiveCfg = Release|Any CPU
		{87431614-EA03-41FF-9F7A-CFCF75DED858}.Release-xml|Any CPU.Build.0 = Release|Any CPU
		{87431614-EA03-41FF-9F7A-CFCF75DED858}.Release-xml|Any CPU.Deploy.0 = Release|Any CPU
		{87431614-EA03-41FF-9F7A-CFCF75DED858}.Release-xml|ARM.ActiveCfg = Release|Any CPU
		{87431614-EA03-41FF-9F7A-CFCF75DED858}.Release-xml|ARM.Build.0 = Release|Any CPU
		{87431614-EA03-41FF-9F7A-CFCF75DED858}.Release-xml|ARM.Deploy.0 = Release|Any CPU
		{87431614-EA03-41FF-9F7A-CFCF75DED858}.Release-xml|iPhone.ActiveCfg = Release|Any CPU
		{87431614-EA03-41FF-9F7A-CFCF75DED858}.Release-xml|iPhone.Build.0 = Release|Any CPU
		{87431614-EA03-41FF-9F7A-CFCF75DED858}.Release-xml|iPhone.Deploy.0 = Release|Any CPU
		{87431614-EA03-41FF-9F7A-CFCF75DED858}.Release-xml|iPhoneSimulator.ActiveCfg = Release|Any CPU
		{87431614-EA03-41FF-9F7A-CFCF75DED858}.Release-xml|iPhoneSimulator.Build.0 = Release|Any CPU
		{87431614-EA03-41FF-9F7A-CFCF75DED858}.Release-xml|iPhoneSimulator.Deploy.0 = Release|Any CPU
		{87431614-EA03-41FF-9F7A-CFCF75DED858}.Release-xml|x64.ActiveCfg = Release|Any CPU
		{87431614-EA03-41FF-9F7A-CFCF75DED858}.Release-xml|x64.Build.0 = Release|Any CPU
		{87431614-EA03-41FF-9F7A-CFCF75DED858}.Release-xml|x64.Deploy.0 = Release|Any CPU
		{87431614-EA03-41FF-9F7A-CFCF75DED858}.Release-xml|x86.ActiveCfg = Release|Any CPU
		{87431614-EA03-41FF-9F7A-CFCF75DED858}.Release-xml|x86.Build.0 = Release|Any CPU
		{87431614-EA03-41FF-9F7A-CFCF75DED858}.Release-xml|x86.Deploy.0 = Release|Any CPU
		{8B4FEFFC-1A95-486B-BB4A-8E37187E7474}.Ad-Hoc|Any CPU.ActiveCfg = Ad-Hoc|iPhone
		{8B4FEFFC-1A95-486B-BB4A-8E37187E7474}.Ad-Hoc|ARM.ActiveCfg = Ad-Hoc|iPhone
		{8B4FEFFC-1A95-486B-BB4A-8E37187E7474}.Ad-Hoc|iPhone.ActiveCfg = Ad-Hoc|iPhone
		{8B4FEFFC-1A95-486B-BB4A-8E37187E7474}.Ad-Hoc|iPhone.Build.0 = Ad-Hoc|iPhone
		{8B4FEFFC-1A95-486B-BB4A-8E37187E7474}.Ad-Hoc|iPhoneSimulator.ActiveCfg = Ad-Hoc|iPhoneSimulator
		{8B4FEFFC-1A95-486B-BB4A-8E37187E7474}.Ad-Hoc|iPhoneSimulator.Build.0 = Ad-Hoc|iPhoneSimulator
		{8B4FEFFC-1A95-486B-BB4A-8E37187E7474}.Ad-Hoc|x64.ActiveCfg = Ad-Hoc|iPhone
		{8B4FEFFC-1A95-486B-BB4A-8E37187E7474}.Ad-Hoc|x86.ActiveCfg = Ad-Hoc|iPhone
		{8B4FEFFC-1A95-486B-BB4A-8E37187E7474}.AppStore|Any CPU.ActiveCfg = AppStore|iPhone
		{8B4FEFFC-1A95-486B-BB4A-8E37187E7474}.AppStore|ARM.ActiveCfg = AppStore|iPhone
		{8B4FEFFC-1A95-486B-BB4A-8E37187E7474}.AppStore|iPhone.ActiveCfg = AppStore|iPhone
		{8B4FEFFC-1A95-486B-BB4A-8E37187E7474}.AppStore|iPhone.Build.0 = AppStore|iPhone
		{8B4FEFFC-1A95-486B-BB4A-8E37187E7474}.AppStore|iPhoneSimulator.ActiveCfg = AppStore|iPhoneSimulator
		{8B4FEFFC-1A95-486B-BB4A-8E37187E7474}.AppStore|iPhoneSimulator.Build.0 = AppStore|iPhoneSimulator
		{8B4FEFFC-1A95-486B-BB4A-8E37187E7474}.AppStore|x64.ActiveCfg = AppStore|iPhone
		{8B4FEFFC-1A95-486B-BB4A-8E37187E7474}.AppStore|x86.ActiveCfg = AppStore|iPhone
		{8B4FEFFC-1A95-486B-BB4A-8E37187E7474}.Debug|Any CPU.ActiveCfg = Debug|iPhone
		{8B4FEFFC-1A95-486B-BB4A-8E37187E7474}.Debug|ARM.ActiveCfg = Debug|iPhone
		{8B4FEFFC-1A95-486B-BB4A-8E37187E7474}.Debug|iPhone.ActiveCfg = Debug|iPhone
		{8B4FEFFC-1A95-486B-BB4A-8E37187E7474}.Debug|iPhone.Build.0 = Debug|iPhone
		{8B4FEFFC-1A95-486B-BB4A-8E37187E7474}.Debug|iPhoneSimulator.ActiveCfg = Debug|iPhoneSimulator
		{8B4FEFFC-1A95-486B-BB4A-8E37187E7474}.Debug|iPhoneSimulator.Build.0 = Debug|iPhoneSimulator
		{8B4FEFFC-1A95-486B-BB4A-8E37187E7474}.Debug|x64.ActiveCfg = Debug|iPhone
		{8B4FEFFC-1A95-486B-BB4A-8E37187E7474}.Debug|x86.ActiveCfg = Debug|iPhone
		{8B4FEFFC-1A95-486B-BB4A-8E37187E7474}.Release|Any CPU.ActiveCfg = Release|iPhone
		{8B4FEFFC-1A95-486B-BB4A-8E37187E7474}.Release|ARM.ActiveCfg = Release|iPhone
		{8B4FEFFC-1A95-486B-BB4A-8E37187E7474}.Release|iPhone.ActiveCfg = Release|iPhone
		{8B4FEFFC-1A95-486B-BB4A-8E37187E7474}.Release|iPhone.Build.0 = Release|iPhone
		{8B4FEFFC-1A95-486B-BB4A-8E37187E7474}.Release|iPhoneSimulator.ActiveCfg = Release|iPhoneSimulator
		{8B4FEFFC-1A95-486B-BB4A-8E37187E7474}.Release|iPhoneSimulator.Build.0 = Release|iPhoneSimulator
		{8B4FEFFC-1A95-486B-BB4A-8E37187E7474}.Release|x64.ActiveCfg = Release|iPhone
		{8B4FEFFC-1A95-486B-BB4A-8E37187E7474}.Release|x86.ActiveCfg = Release|iPhone
		{8B4FEFFC-1A95-486B-BB4A-8E37187E7474}.Release-xml|Any CPU.ActiveCfg = AppStore|iPhone
		{8B4FEFFC-1A95-486B-BB4A-8E37187E7474}.Release-xml|Any CPU.Build.0 = AppStore|iPhone
		{8B4FEFFC-1A95-486B-BB4A-8E37187E7474}.Release-xml|ARM.ActiveCfg = AppStore|iPhone
		{8B4FEFFC-1A95-486B-BB4A-8E37187E7474}.Release-xml|ARM.Build.0 = AppStore|iPhone
		{8B4FEFFC-1A95-486B-BB4A-8E37187E7474}.Release-xml|iPhone.ActiveCfg = Release|iPhone
		{8B4FEFFC-1A95-486B-BB4A-8E37187E7474}.Release-xml|iPhone.Build.0 = Release|iPhone
		{8B4FEFFC-1A95-486B-BB4A-8E37187E7474}.Release-xml|iPhoneSimulator.ActiveCfg = Release|iPhoneSimulator
		{8B4FEFFC-1A95-486B-BB4A-8E37187E7474}.Release-xml|iPhoneSimulator.Build.0 = Release|iPhoneSimulator
		{8B4FEFFC-1A95-486B-BB4A-8E37187E7474}.Release-xml|x64.ActiveCfg = AppStore|iPhone
		{8B4FEFFC-1A95-486B-BB4A-8E37187E7474}.Release-xml|x64.Build.0 = AppStore|iPhone
		{8B4FEFFC-1A95-486B-BB4A-8E37187E7474}.Release-xml|x86.ActiveCfg = AppStore|iPhone
		{8B4FEFFC-1A95-486B-BB4A-8E37187E7474}.Release-xml|x86.Build.0 = AppStore|iPhone
		{15F3D638-3B2F-4329-9A4B-50EEEBFDBE90}.Ad-Hoc|Any CPU.ActiveCfg = Release|x86
		{15F3D638-3B2F-4329-9A4B-50EEEBFDBE90}.Ad-Hoc|Any CPU.Build.0 = Release|x86
		{15F3D638-3B2F-4329-9A4B-50EEEBFDBE90}.Ad-Hoc|Any CPU.Deploy.0 = Release|x86
		{15F3D638-3B2F-4329-9A4B-50EEEBFDBE90}.Ad-Hoc|ARM.ActiveCfg = Release|ARM
		{15F3D638-3B2F-4329-9A4B-50EEEBFDBE90}.Ad-Hoc|ARM.Build.0 = Release|ARM
		{15F3D638-3B2F-4329-9A4B-50EEEBFDBE90}.Ad-Hoc|ARM.Deploy.0 = Release|ARM
		{15F3D638-3B2F-4329-9A4B-50EEEBFDBE90}.Ad-Hoc|iPhone.ActiveCfg = Release|x86
		{15F3D638-3B2F-4329-9A4B-50EEEBFDBE90}.Ad-Hoc|iPhone.Build.0 = Release|x86
		{15F3D638-3B2F-4329-9A4B-50EEEBFDBE90}.Ad-Hoc|iPhone.Deploy.0 = Release|x86
		{15F3D638-3B2F-4329-9A4B-50EEEBFDBE90}.Ad-Hoc|iPhoneSimulator.ActiveCfg = Release|x86
		{15F3D638-3B2F-4329-9A4B-50EEEBFDBE90}.Ad-Hoc|iPhoneSimulator.Build.0 = Release|x86
		{15F3D638-3B2F-4329-9A4B-50EEEBFDBE90}.Ad-Hoc|iPhoneSimulator.Deploy.0 = Release|x86
		{15F3D638-3B2F-4329-9A4B-50EEEBFDBE90}.Ad-Hoc|x64.ActiveCfg = Release|x64
		{15F3D638-3B2F-4329-9A4B-50EEEBFDBE90}.Ad-Hoc|x64.Build.0 = Release|x64
		{15F3D638-3B2F-4329-9A4B-50EEEBFDBE90}.Ad-Hoc|x64.Deploy.0 = Release|x64
		{15F3D638-3B2F-4329-9A4B-50EEEBFDBE90}.Ad-Hoc|x86.ActiveCfg = Release|x86
		{15F3D638-3B2F-4329-9A4B-50EEEBFDBE90}.Ad-Hoc|x86.Build.0 = Release|x86
		{15F3D638-3B2F-4329-9A4B-50EEEBFDBE90}.Ad-Hoc|x86.Deploy.0 = Release|x86
		{15F3D638-3B2F-4329-9A4B-50EEEBFDBE90}.AppStore|Any CPU.ActiveCfg = Release|x86
		{15F3D638-3B2F-4329-9A4B-50EEEBFDBE90}.AppStore|Any CPU.Build.0 = Release|x86
		{15F3D638-3B2F-4329-9A4B-50EEEBFDBE90}.AppStore|Any CPU.Deploy.0 = Release|x86
		{15F3D638-3B2F-4329-9A4B-50EEEBFDBE90}.AppStore|ARM.ActiveCfg = Release|ARM
		{15F3D638-3B2F-4329-9A4B-50EEEBFDBE90}.AppStore|ARM.Build.0 = Release|ARM
		{15F3D638-3B2F-4329-9A4B-50EEEBFDBE90}.AppStore|ARM.Deploy.0 = Release|ARM
		{15F3D638-3B2F-4329-9A4B-50EEEBFDBE90}.AppStore|iPhone.ActiveCfg = Release|x86
		{15F3D638-3B2F-4329-9A4B-50EEEBFDBE90}.AppStore|iPhone.Build.0 = Release|x86
		{15F3D638-3B2F-4329-9A4B-50EEEBFDBE90}.AppStore|iPhone.Deploy.0 = Release|x86
		{15F3D638-3B2F-4329-9A4B-50EEEBFDBE90}.AppStore|iPhoneSimulator.ActiveCfg = Release|x86
		{15F3D638-3B2F-4329-9A4B-50EEEBFDBE90}.AppStore|iPhoneSimulator.Build.0 = Release|x86
		{15F3D638-3B2F-4329-9A4B-50EEEBFDBE90}.AppStore|iPhoneSimulator.Deploy.0 = Release|x86
		{15F3D638-3B2F-4329-9A4B-50EEEBFDBE90}.AppStore|x64.ActiveCfg = Release|x64
		{15F3D638-3B2F-4329-9A4B-50EEEBFDBE90}.AppStore|x64.Build.0 = Release|x64
		{15F3D638-3B2F-4329-9A4B-50EEEBFDBE90}.AppStore|x64.Deploy.0 = Release|x64
		{15F3D638-3B2F-4329-9A4B-50EEEBFDBE90}.AppStore|x86.ActiveCfg = Release|x86
		{15F3D638-3B2F-4329-9A4B-50EEEBFDBE90}.AppStore|x86.Build.0 = Release|x86
		{15F3D638-3B2F-4329-9A4B-50EEEBFDBE90}.AppStore|x86.Deploy.0 = Release|x86
		{15F3D638-3B2F-4329-9A4B-50EEEBFDBE90}.Debug|Any CPU.ActiveCfg = Debug|x86
		{15F3D638-3B2F-4329-9A4B-50EEEBFDBE90}.Debug|ARM.ActiveCfg = Debug|ARM
		{15F3D638-3B2F-4329-9A4B-50EEEBFDBE90}.Debug|ARM.Build.0 = Debug|ARM
		{15F3D638-3B2F-4329-9A4B-50EEEBFDBE90}.Debug|ARM.Deploy.0 = Debug|ARM
		{15F3D638-3B2F-4329-9A4B-50EEEBFDBE90}.Debug|iPhone.ActiveCfg = Debug|x86
		{15F3D638-3B2F-4329-9A4B-50EEEBFDBE90}.Debug|iPhoneSimulator.ActiveCfg = Debug|x86
		{15F3D638-3B2F-4329-9A4B-50EEEBFDBE90}.Debug|x64.ActiveCfg = Debug|x64
		{15F3D638-3B2F-4329-9A4B-50EEEBFDBE90}.Debug|x64.Build.0 = Debug|x64
		{15F3D638-3B2F-4329-9A4B-50EEEBFDBE90}.Debug|x64.Deploy.0 = Debug|x64
		{15F3D638-3B2F-4329-9A4B-50EEEBFDBE90}.Debug|x86.ActiveCfg = Debug|x86
		{15F3D638-3B2F-4329-9A4B-50EEEBFDBE90}.Debug|x86.Build.0 = Debug|x86
		{15F3D638-3B2F-4329-9A4B-50EEEBFDBE90}.Debug|x86.Deploy.0 = Debug|x86
		{15F3D638-3B2F-4329-9A4B-50EEEBFDBE90}.Release|Any CPU.ActiveCfg = Release|x86
		{15F3D638-3B2F-4329-9A4B-50EEEBFDBE90}.Release|ARM.ActiveCfg = Release|ARM
		{15F3D638-3B2F-4329-9A4B-50EEEBFDBE90}.Release|ARM.Build.0 = Release|ARM
		{15F3D638-3B2F-4329-9A4B-50EEEBFDBE90}.Release|ARM.Deploy.0 = Release|ARM
		{15F3D638-3B2F-4329-9A4B-50EEEBFDBE90}.Release|iPhone.ActiveCfg = Release|x86
		{15F3D638-3B2F-4329-9A4B-50EEEBFDBE90}.Release|iPhoneSimulator.ActiveCfg = Release|x86
		{15F3D638-3B2F-4329-9A4B-50EEEBFDBE90}.Release|x64.ActiveCfg = Release|x64
		{15F3D638-3B2F-4329-9A4B-50EEEBFDBE90}.Release|x64.Build.0 = Release|x64
		{15F3D638-3B2F-4329-9A4B-50EEEBFDBE90}.Release|x64.Deploy.0 = Release|x64
		{15F3D638-3B2F-4329-9A4B-50EEEBFDBE90}.Release|x86.ActiveCfg = Release|x86
		{15F3D638-3B2F-4329-9A4B-50EEEBFDBE90}.Release|x86.Build.0 = Release|x86
		{15F3D638-3B2F-4329-9A4B-50EEEBFDBE90}.Release|x86.Deploy.0 = Release|x86
		{15F3D638-3B2F-4329-9A4B-50EEEBFDBE90}.Release-xml|Any CPU.ActiveCfg = Release|x86
		{15F3D638-3B2F-4329-9A4B-50EEEBFDBE90}.Release-xml|Any CPU.Build.0 = Release|x86
		{15F3D638-3B2F-4329-9A4B-50EEEBFDBE90}.Release-xml|Any CPU.Deploy.0 = Release|x86
		{15F3D638-3B2F-4329-9A4B-50EEEBFDBE90}.Release-xml|ARM.ActiveCfg = Release|ARM
		{15F3D638-3B2F-4329-9A4B-50EEEBFDBE90}.Release-xml|ARM.Build.0 = Release|ARM
		{15F3D638-3B2F-4329-9A4B-50EEEBFDBE90}.Release-xml|ARM.Deploy.0 = Release|ARM
		{15F3D638-3B2F-4329-9A4B-50EEEBFDBE90}.Release-xml|iPhone.ActiveCfg = Release|x86
		{15F3D638-3B2F-4329-9A4B-50EEEBFDBE90}.Release-xml|iPhone.Build.0 = Release|x86
		{15F3D638-3B2F-4329-9A4B-50EEEBFDBE90}.Release-xml|iPhone.Deploy.0 = Release|x86
		{15F3D638-3B2F-4329-9A4B-50EEEBFDBE90}.Release-xml|iPhoneSimulator.ActiveCfg = Release|x86
		{15F3D638-3B2F-4329-9A4B-50EEEBFDBE90}.Release-xml|iPhoneSimulator.Build.0 = Release|x86
		{15F3D638-3B2F-4329-9A4B-50EEEBFDBE90}.Release-xml|iPhoneSimulator.Deploy.0 = Release|x86
		{15F3D638-3B2F-4329-9A4B-50EEEBFDBE90}.Release-xml|x64.ActiveCfg = Release|x64
		{15F3D638-3B2F-4329-9A4B-50EEEBFDBE90}.Release-xml|x64.Build.0 = Release|x64
		{15F3D638-3B2F-4329-9A4B-50EEEBFDBE90}.Release-xml|x64.Deploy.0 = Release|x64
		{15F3D638-3B2F-4329-9A4B-50EEEBFDBE90}.Release-xml|x86.ActiveCfg = Release|x86
		{15F3D638-3B2F-4329-9A4B-50EEEBFDBE90}.Release-xml|x86.Build.0 = Release|x86
		{15F3D638-3B2F-4329-9A4B-50EEEBFDBE90}.Release-xml|x86.Deploy.0 = Release|x86
		{708AFFF0-1797-4473-8D10-F525571F3643}.Ad-Hoc|Any CPU.ActiveCfg = Debug|Any CPU
		{708AFFF0-1797-4473-8D10-F525571F3643}.Ad-Hoc|Any CPU.Build.0 = Debug|Any CPU
		{708AFFF0-1797-4473-8D10-F525571F3643}.Ad-Hoc|ARM.ActiveCfg = Debug|Any CPU
		{708AFFF0-1797-4473-8D10-F525571F3643}.Ad-Hoc|ARM.Build.0 = Debug|Any CPU
		{708AFFF0-1797-4473-8D10-F525571F3643}.Ad-Hoc|iPhone.ActiveCfg = Debug|Any CPU
		{708AFFF0-1797-4473-8D10-F525571F3643}.Ad-Hoc|iPhone.Build.0 = Debug|Any CPU
		{708AFFF0-1797-4473-8D10-F525571F3643}.Ad-Hoc|iPhoneSimulator.ActiveCfg = Debug|Any CPU
		{708AFFF0-1797-4473-8D10-F525571F3643}.Ad-Hoc|iPhoneSimulator.Build.0 = Debug|Any CPU
		{708AFFF0-1797-4473-8D10-F525571F3643}.Ad-Hoc|x64.ActiveCfg = Debug|Any CPU
		{708AFFF0-1797-4473-8D10-F525571F3643}.Ad-Hoc|x64.Build.0 = Debug|Any CPU
		{708AFFF0-1797-4473-8D10-F525571F3643}.Ad-Hoc|x86.ActiveCfg = Debug|Any CPU
		{708AFFF0-1797-4473-8D10-F525571F3643}.Ad-Hoc|x86.Build.0 = Debug|Any CPU
		{708AFFF0-1797-4473-8D10-F525571F3643}.AppStore|Any CPU.ActiveCfg = Debug|Any CPU
		{708AFFF0-1797-4473-8D10-F525571F3643}.AppStore|Any CPU.Build.0 = Debug|Any CPU
		{708AFFF0-1797-4473-8D10-F525571F3643}.AppStore|ARM.ActiveCfg = Debug|Any CPU
		{708AFFF0-1797-4473-8D10-F525571F3643}.AppStore|ARM.Build.0 = Debug|Any CPU
		{708AFFF0-1797-4473-8D10-F525571F3643}.AppStore|iPhone.ActiveCfg = Debug|Any CPU
		{708AFFF0-1797-4473-8D10-F525571F3643}.AppStore|iPhone.Build.0 = Debug|Any CPU
		{708AFFF0-1797-4473-8D10-F525571F3643}.AppStore|iPhoneSimulator.ActiveCfg = Debug|Any CPU
		{708AFFF0-1797-4473-8D10-F525571F3643}.AppStore|iPhoneSimulator.Build.0 = Debug|Any CPU
		{708AFFF0-1797-4473-8D10-F525571F3643}.AppStore|x64.ActiveCfg = Debug|Any CPU
		{708AFFF0-1797-4473-8D10-F525571F3643}.AppStore|x64.Build.0 = Debug|Any CPU
		{708AFFF0-1797-4473-8D10-F525571F3643}.AppStore|x86.ActiveCfg = Debug|Any CPU
		{708AFFF0-1797-4473-8D10-F525571F3643}.AppStore|x86.Build.0 = Debug|Any CPU
		{708AFFF0-1797-4473-8D10-F525571F3643}.Debug|Any CPU.ActiveCfg = Debug|Any CPU
		{708AFFF0-1797-4473-8D10-F525571F3643}.Debug|Any CPU.Build.0 = Debug|Any CPU
		{708AFFF0-1797-4473-8D10-F525571F3643}.Debug|ARM.ActiveCfg = Debug|Any CPU
		{708AFFF0-1797-4473-8D10-F525571F3643}.Debug|ARM.Build.0 = Debug|Any CPU
		{708AFFF0-1797-4473-8D10-F525571F3643}.Debug|iPhone.ActiveCfg = Debug|Any CPU
		{708AFFF0-1797-4473-8D10-F525571F3643}.Debug|iPhone.Build.0 = Debug|Any CPU
		{708AFFF0-1797-4473-8D10-F525571F3643}.Debug|iPhoneSimulator.ActiveCfg = Debug|Any CPU
		{708AFFF0-1797-4473-8D10-F525571F3643}.Debug|iPhoneSimulator.Build.0 = Debug|Any CPU
		{708AFFF0-1797-4473-8D10-F525571F3643}.Debug|x64.ActiveCfg = Debug|Any CPU
		{708AFFF0-1797-4473-8D10-F525571F3643}.Debug|x64.Build.0 = Debug|Any CPU
		{708AFFF0-1797-4473-8D10-F525571F3643}.Debug|x86.ActiveCfg = Debug|Any CPU
		{708AFFF0-1797-4473-8D10-F525571F3643}.Debug|x86.Build.0 = Debug|Any CPU
		{708AFFF0-1797-4473-8D10-F525571F3643}.Release|Any CPU.ActiveCfg = Release|Any CPU
		{708AFFF0-1797-4473-8D10-F525571F3643}.Release|Any CPU.Build.0 = Release|Any CPU
		{708AFFF0-1797-4473-8D10-F525571F3643}.Release|ARM.ActiveCfg = Release|Any CPU
		{708AFFF0-1797-4473-8D10-F525571F3643}.Release|ARM.Build.0 = Release|Any CPU
		{708AFFF0-1797-4473-8D10-F525571F3643}.Release|iPhone.ActiveCfg = Release|Any CPU
		{708AFFF0-1797-4473-8D10-F525571F3643}.Release|iPhone.Build.0 = Release|Any CPU
		{708AFFF0-1797-4473-8D10-F525571F3643}.Release|iPhoneSimulator.ActiveCfg = Release|Any CPU
		{708AFFF0-1797-4473-8D10-F525571F3643}.Release|iPhoneSimulator.Build.0 = Release|Any CPU
		{708AFFF0-1797-4473-8D10-F525571F3643}.Release|x64.ActiveCfg = Release|Any CPU
		{708AFFF0-1797-4473-8D10-F525571F3643}.Release|x64.Build.0 = Release|Any CPU
		{708AFFF0-1797-4473-8D10-F525571F3643}.Release|x86.ActiveCfg = Release|Any CPU
		{708AFFF0-1797-4473-8D10-F525571F3643}.Release|x86.Build.0 = Release|Any CPU
		{708AFFF0-1797-4473-8D10-F525571F3643}.Release-xml|Any CPU.ActiveCfg = Release|Any CPU
		{708AFFF0-1797-4473-8D10-F525571F3643}.Release-xml|Any CPU.Build.0 = Release|Any CPU
		{708AFFF0-1797-4473-8D10-F525571F3643}.Release-xml|ARM.ActiveCfg = Release|Any CPU
		{708AFFF0-1797-4473-8D10-F525571F3643}.Release-xml|ARM.Build.0 = Release|Any CPU
		{708AFFF0-1797-4473-8D10-F525571F3643}.Release-xml|iPhone.ActiveCfg = Release|Any CPU
		{708AFFF0-1797-4473-8D10-F525571F3643}.Release-xml|iPhone.Build.0 = Release|Any CPU
		{708AFFF0-1797-4473-8D10-F525571F3643}.Release-xml|iPhoneSimulator.ActiveCfg = Release|Any CPU
		{708AFFF0-1797-4473-8D10-F525571F3643}.Release-xml|iPhoneSimulator.Build.0 = Release|Any CPU
		{708AFFF0-1797-4473-8D10-F525571F3643}.Release-xml|x64.ActiveCfg = Release|Any CPU
		{708AFFF0-1797-4473-8D10-F525571F3643}.Release-xml|x64.Build.0 = Release|Any CPU
		{708AFFF0-1797-4473-8D10-F525571F3643}.Release-xml|x86.ActiveCfg = Release|Any CPU
		{708AFFF0-1797-4473-8D10-F525571F3643}.Release-xml|x86.Build.0 = Release|Any CPU
	EndGlobalSection
	GlobalSection(SolutionProperties) = preSolution
		HideSolutionNode = FALSE
	EndGlobalSection
	GlobalSection(NestedProjects) = preSolution
	EndGlobalSection
	GlobalSection(ExtensibilityGlobals) = postSolution
		SolutionGuid = {3DD610AF-0057-43AB-8A1A-FACA982A681D}
	EndGlobalSection
EndGlobal
