
Microsoft Visual Studio Solution File, Format Version 12.00
# Visual Studio Version 16
VisualStudioVersion = 16.0.29613.14
MinimumVisualStudioVersion = 10.0.40219.1
Project("{FAE04EC0-301F-11D3-BF4B-00C04F79EFBC}") = "ChartPerformance.UWP", "ChartPerformance.UWP\ChartPerformance.UWP.csproj", "{3E5BD513-43FA-49B1-BF65-C21CF9597EAB}"
EndProject
Project("{FAE04EC0-301F-11D3-BF4B-00C04F79EFBC}") = "ChartPerformance.Android", "ChartPerformance.Android\ChartPerformance.Android.csproj", "{5F7CB0D6-7BE3-48A6-98C2-863E54CDA731}"
EndProject
Project("{FAE04EC0-301F-11D3-BF4B-00C04F79EFBC}") = "ChartPerformance.iOS", "ChartPerformance.iOS\ChartPerformance.iOS.csproj", "{E93A12AC-CDCE-47D3-8462-51409824DAA2}"
EndProject
Project("{FAE04EC0-301F-11D3-BF4B-00C04F79EFBC}") = "ChartPerformance", "ChartPerformance\ChartPerformance.csproj", "{29DDB963-276B-469B-845C-A22C49C5B0CD}"
EndProject
Project("{FAE04EC0-301F-11D3-BF4B-00C04F79EFBC}") = "ChartPerformance.WPF", "ChartPerformance.WPF\ChartPerformance.WPF.csproj", "{BD6220DA-ACAD-4266-91B2-7FD1538CEBD4}"
EndProject
Project("{FAE04EC0-301F-11D3-BF4B-00C04F79EFBC}") = "ChartPerformance.macOS", "ChartPerformance.macOS\ChartPerformance.macOS.csproj", "{CC1DBDC2-86A1-42A1-A27E-6B9CF1B4BA17}"
EndProject
Global
	GlobalSection(SolutionConfigurationPlatforms) = preSolution
		Debug|Any CPU = Debug|Any CPU
		Debug|ARM = Debug|ARM
		Debug|iPhone = Debug|iPhone
		Debug|iPhoneSimulator = Debug|iPhoneSimulator
		Debug|x64 = Debug|x64
		Debug|x86 = Debug|x86
		Release|Any CPU = Release|Any CPU
		Release|ARM = Release|ARM
		Release|iPhone = Release|iPhone
		Release|iPhoneSimulator = Release|iPhoneSimulator
		Release|x64 = Release|x64
		Release|x86 = Release|x86
	EndGlobalSection
	GlobalSection(ProjectConfigurationPlatforms) = postSolution
		{3E5BD513-43FA-49B1-BF65-C21CF9597EAB}.Debug|Any CPU.ActiveCfg = Debug|x86
		{3E5BD513-43FA-49B1-BF65-C21CF9597EAB}.Debug|Any CPU.Build.0 = Debug|x86
		{3E5BD513-43FA-49B1-BF65-C21CF9597EAB}.Debug|Any CPU.Deploy.0 = Debug|x86
		{3E5BD513-43FA-49B1-BF65-C21CF9597EAB}.Debug|ARM.ActiveCfg = Debug|ARM
		{3E5BD513-43FA-49B1-BF65-C21CF9597EAB}.Debug|ARM.Build.0 = Debug|ARM
		{3E5BD513-43FA-49B1-BF65-C21CF9597EAB}.Debug|ARM.Deploy.0 = Debug|ARM
		{3E5BD513-43FA-49B1-BF65-C21CF9597EAB}.Debug|iPhone.ActiveCfg = Debug|x86
		{3E5BD513-43FA-49B1-BF65-C21CF9597EAB}.Debug|iPhone.Build.0 = Debug|x86
		{3E5BD513-43FA-49B1-BF65-C21CF9597EAB}.Debug|iPhone.Deploy.0 = Debug|x86
		{3E5BD513-43FA-49B1-BF65-C21CF9597EAB}.Debug|iPhoneSimulator.ActiveCfg = Debug|x86
		{3E5BD513-43FA-49B1-BF65-C21CF9597EAB}.Debug|iPhoneSimulator.Build.0 = Debug|x86
		{3E5BD513-43FA-49B1-BF65-C21CF9597EAB}.Debug|iPhoneSimulator.Deploy.0 = Debug|x86
		{3E5BD513-43FA-49B1-BF65-C21CF9597EAB}.Debug|x64.ActiveCfg = Debug|x64
		{3E5BD513-43FA-49B1-BF65-C21CF9597EAB}.Debug|x64.Build.0 = Debug|x64
		{3E5BD513-43FA-49B1-BF65-C21CF9597EAB}.Debug|x64.Deploy.0 = Debug|x64
		{3E5BD513-43FA-49B1-BF65-C21CF9597EAB}.Debug|x86.ActiveCfg = Debug|x86
		{3E5BD513-43FA-49B1-BF65-C21CF9597EAB}.Debug|x86.Build.0 = Debug|x86
		{3E5BD513-43FA-49B1-BF65-C21CF9597EAB}.Debug|x86.Deploy.0 = Debug|x86
		{3E5BD513-43FA-49B1-BF65-C21CF9597EAB}.Release|Any CPU.ActiveCfg = Release|x86
		{3E5BD513-43FA-49B1-BF65-C21CF9597EAB}.Release|Any CPU.Build.0 = Release|x86
		{3E5BD513-43FA-49B1-BF65-C21CF9597EAB}.Release|Any CPU.Deploy.0 = Release|x86
		{3E5BD513-43FA-49B1-BF65-C21CF9597EAB}.Release|ARM.ActiveCfg = Release|ARM
		{3E5BD513-43FA-49B1-BF65-C21CF9597EAB}.Release|ARM.Build.0 = Release|ARM
		{3E5BD513-43FA-49B1-BF65-C21CF9597EAB}.Release|ARM.Deploy.0 = Release|ARM
		{3E5BD513-43FA-49B1-BF65-C21CF9597EAB}.Release|iPhone.ActiveCfg = Release|x86
		{3E5BD513-43FA-49B1-BF65-C21CF9597EAB}.Release|iPhone.Build.0 = Release|x86
		{3E5BD513-43FA-49B1-BF65-C21CF9597EAB}.Release|iPhone.Deploy.0 = Release|x86
		{3E5BD513-43FA-49B1-BF65-C21CF9597EAB}.Release|iPhoneSimulator.ActiveCfg = Release|x86
		{3E5BD513-43FA-49B1-BF65-C21CF9597EAB}.Release|iPhoneSimulator.Build.0 = Release|x86
		{3E5BD513-43FA-49B1-BF65-C21CF9597EAB}.Release|iPhoneSimulator.Deploy.0 = Release|x86
		{3E5BD513-43FA-49B1-BF65-C21CF9597EAB}.Release|x64.ActiveCfg = Release|x64
		{3E5BD513-43FA-49B1-BF65-C21CF9597EAB}.Release|x64.Build.0 = Release|x64
		{3E5BD513-43FA-49B1-BF65-C21CF9597EAB}.Release|x64.Deploy.0 = Release|x64
		{3E5BD513-43FA-49B1-BF65-C21CF9597EAB}.Release|x86.ActiveCfg = Release|x86
		{3E5BD513-43FA-49B1-BF65-C21CF9597EAB}.Release|x86.Build.0 = Release|x86
		{3E5BD513-43FA-49B1-BF65-C21CF9597EAB}.Release|x86.Deploy.0 = Release|x86
		{5F7CB0D6-7BE3-48A6-98C2-863E54CDA731}.Debug|Any CPU.ActiveCfg = Debug|Any CPU
		{5F7CB0D6-7BE3-48A6-98C2-863E54CDA731}.Debug|Any CPU.Build.0 = Debug|Any CPU
		{5F7CB0D6-7BE3-48A6-98C2-863E54CDA731}.Debug|Any CPU.Deploy.0 = Debug|Any CPU
		{5F7CB0D6-7BE3-48A6-98C2-863E54CDA731}.Debug|ARM.ActiveCfg = Debug|Any CPU
		{5F7CB0D6-7BE3-48A6-98C2-863E54CDA731}.Debug|ARM.Build.0 = Debug|Any CPU
		{5F7CB0D6-7BE3-48A6-98C2-863E54CDA731}.Debug|ARM.Deploy.0 = Debug|Any CPU
		{5F7CB0D6-7BE3-48A6-98C2-863E54CDA731}.Debug|iPhone.ActiveCfg = Debug|Any CPU
		{5F7CB0D6-7BE3-48A6-98C2-863E54CDA731}.Debug|iPhone.Build.0 = Debug|Any CPU
		{5F7CB0D6-7BE3-48A6-98C2-863E54CDA731}.Debug|iPhone.Deploy.0 = Debug|Any CPU
		{5F7CB0D6-7BE3-48A6-98C2-863E54CDA731}.Debug|iPhoneSimulator.ActiveCfg = Debug|Any CPU
		{5F7CB0D6-7BE3-48A6-98C2-863E54CDA731}.Debug|iPhoneSimulator.Build.0 = Debug|Any CPU
		{5F7CB0D6-7BE3-48A6-98C2-863E54CDA731}.Debug|iPhoneSimulator.Deploy.0 = Debug|Any CPU
		{5F7CB0D6-7BE3-48A6-98C2-863E54CDA731}.Debug|x64.ActiveCfg = Debug|Any CPU
		{5F7CB0D6-7BE3-48A6-98C2-863E54CDA731}.Debug|x64.Build.0 = Debug|Any CPU
		{5F7CB0D6-7BE3-48A6-98C2-863E54CDA731}.Debug|x64.Deploy.0 = Debug|Any CPU
		{5F7CB0D6-7BE3-48A6-98C2-863E54CDA731}.Debug|x86.ActiveCfg = Debug|Any CPU
		{5F7CB0D6-7BE3-48A6-98C2-863E54CDA731}.Debug|x86.Build.0 = Debug|Any CPU
		{5F7CB0D6-7BE3-48A6-98C2-863E54CDA731}.Debug|x86.Deploy.0 = Debug|Any CPU
		{5F7CB0D6-7BE3-48A6-98C2-863E54CDA731}.Release|Any CPU.ActiveCfg = Release|Any CPU
		{5F7CB0D6-7BE3-48A6-98C2-863E54CDA731}.Release|Any CPU.Build.0 = Release|Any CPU
		{5F7CB0D6-7BE3-48A6-98C2-863E54CDA731}.Release|Any CPU.Deploy.0 = Release|Any CPU
		{5F7CB0D6-7BE3-48A6-98C2-863E54CDA731}.Release|ARM.ActiveCfg = Release|Any CPU
		{5F7CB0D6-7BE3-48A6-98C2-863E54CDA731}.Release|ARM.Build.0 = Release|Any CPU
		{5F7CB0D6-7BE3-48A6-98C2-863E54CDA731}.Release|ARM.Deploy.0 = Release|Any CPU
		{5F7CB0D6-7BE3-48A6-98C2-863E54CDA731}.Release|iPhone.ActiveCfg = Release|Any CPU
		{5F7CB0D6-7BE3-48A6-98C2-863E54CDA731}.Release|iPhone.Build.0 = Release|Any CPU
		{5F7CB0D6-7BE3-48A6-98C2-863E54CDA731}.Release|iPhone.Deploy.0 = Release|Any CPU
		{5F7CB0D6-7BE3-48A6-98C2-863E54CDA731}.Release|iPhoneSimulator.ActiveCfg = Release|Any CPU
		{5F7CB0D6-7BE3-48A6-98C2-863E54CDA731}.Release|iPhoneSimulator.Build.0 = Release|Any CPU
		{5F7CB0D6-7BE3-48A6-98C2-863E54CDA731}.Release|iPhoneSimulator.Deploy.0 = Release|Any CPU
		{5F7CB0D6-7BE3-48A6-98C2-863E54CDA731}.Release|x64.ActiveCfg = Release|Any CPU
		{5F7CB0D6-7BE3-48A6-98C2-863E54CDA731}.Release|x64.Build.0 = Release|Any CPU
		{5F7CB0D6-7BE3-48A6-98C2-863E54CDA731}.Release|x64.Deploy.0 = Release|Any CPU
		{5F7CB0D6-7BE3-48A6-98C2-863E54CDA731}.Release|x86.ActiveCfg = Release|Any CPU
		{5F7CB0D6-7BE3-48A6-98C2-863E54CDA731}.Release|x86.Build.0 = Release|Any CPU
		{5F7CB0D6-7BE3-48A6-98C2-863E54CDA731}.Release|x86.Deploy.0 = Release|Any CPU
		{E93A12AC-CDCE-47D3-8462-51409824DAA2}.Debug|Any CPU.ActiveCfg = Debug|iPhone
		{E93A12AC-CDCE-47D3-8462-51409824DAA2}.Debug|Any CPU.Build.0 = Debug|iPhone
		{E93A12AC-CDCE-47D3-8462-51409824DAA2}.Debug|Any CPU.Deploy.0 = Debug|iPhone
		{E93A12AC-CDCE-47D3-8462-51409824DAA2}.Debug|ARM.ActiveCfg = Debug|iPhoneSimulator
		{E93A12AC-CDCE-47D3-8462-51409824DAA2}.Debug|ARM.Build.0 = Debug|iPhoneSimulator
		{E93A12AC-CDCE-47D3-8462-51409824DAA2}.Debug|ARM.Deploy.0 = Debug|iPhoneSimulator
		{E93A12AC-CDCE-47D3-8462-51409824DAA2}.Debug|iPhone.ActiveCfg = Debug|iPhone
		{E93A12AC-CDCE-47D3-8462-51409824DAA2}.Debug|iPhone.Build.0 = Debug|iPhone
		{E93A12AC-CDCE-47D3-8462-51409824DAA2}.Debug|iPhone.Deploy.0 = Debug|iPhone
		{E93A12AC-CDCE-47D3-8462-51409824DAA2}.Debug|iPhoneSimulator.ActiveCfg = Debug|iPhoneSimulator
		{E93A12AC-CDCE-47D3-8462-51409824DAA2}.Debug|iPhoneSimulator.Build.0 = Debug|iPhoneSimulator
		{E93A12AC-CDCE-47D3-8462-51409824DAA2}.Debug|iPhoneSimulator.Deploy.0 = Debug|iPhoneSimulator
		{E93A12AC-CDCE-47D3-8462-51409824DAA2}.Debug|x64.ActiveCfg = Debug|iPhone
		{E93A12AC-CDCE-47D3-8462-51409824DAA2}.Debug|x64.Build.0 = Debug|iPhone
		{E93A12AC-CDCE-47D3-8462-51409824DAA2}.Debug|x64.Deploy.0 = Debug|iPhone
		{E93A12AC-CDCE-47D3-8462-51409824DAA2}.Debug|x86.ActiveCfg = Debug|iPhone
		{E93A12AC-CDCE-47D3-8462-51409824DAA2}.Debug|x86.Build.0 = Debug|iPhone
		{E93A12AC-CDCE-47D3-8462-51409824DAA2}.Debug|x86.Deploy.0 = Debug|iPhone
		{E93A12AC-CDCE-47D3-8462-51409824DAA2}.Release|Any CPU.ActiveCfg = Release|iPhone
		{E93A12AC-CDCE-47D3-8462-51409824DAA2}.Release|Any CPU.Build.0 = Release|iPhone
		{E93A12AC-CDCE-47D3-8462-51409824DAA2}.Release|Any CPU.Deploy.0 = Release|iPhone
		{E93A12AC-CDCE-47D3-8462-51409824DAA2}.Release|ARM.ActiveCfg = Release|iPhone
		{E93A12AC-CDCE-47D3-8462-51409824DAA2}.Release|ARM.Build.0 = Release|iPhone
		{E93A12AC-CDCE-47D3-8462-51409824DAA2}.Release|ARM.Deploy.0 = Release|iPhone
		{E93A12AC-CDCE-47D3-8462-51409824DAA2}.Release|iPhone.ActiveCfg = Release|iPhone
		{E93A12AC-CDCE-47D3-8462-51409824DAA2}.Release|iPhone.Build.0 = Release|iPhone
		{E93A12AC-CDCE-47D3-8462-51409824DAA2}.Release|iPhone.Deploy.0 = Release|iPhone
		{E93A12AC-CDCE-47D3-8462-51409824DAA2}.Release|iPhoneSimulator.ActiveCfg = Release|iPhoneSimulator
		{E93A12AC-CDCE-47D3-8462-51409824DAA2}.Release|iPhoneSimulator.Build.0 = Release|iPhoneSimulator
		{E93A12AC-CDCE-47D3-8462-51409824DAA2}.Release|iPhoneSimulator.Deploy.0 = Release|iPhoneSimulator
		{E93A12AC-CDCE-47D3-8462-51409824DAA2}.Release|x64.ActiveCfg = Release|iPhone
		{E93A12AC-CDCE-47D3-8462-51409824DAA2}.Release|x64.Build.0 = Release|iPhone
		{E93A12AC-CDCE-47D3-8462-51409824DAA2}.Release|x64.Deploy.0 = Release|iPhone
		{E93A12AC-CDCE-47D3-8462-51409824DAA2}.Release|x86.ActiveCfg = Release|iPhone
		{E93A12AC-CDCE-47D3-8462-51409824DAA2}.Release|x86.Build.0 = Release|iPhone
		{E93A12AC-CDCE-47D3-8462-51409824DAA2}.Release|x86.Deploy.0 = Release|iPhone
		{29DDB963-276B-469B-845C-A22C49C5B0CD}.Debug|Any CPU.ActiveCfg = Debug|Any CPU
		{29DDB963-276B-469B-845C-A22C49C5B0CD}.Debug|Any CPU.Build.0 = Debug|Any CPU
		{29DDB963-276B-469B-845C-A22C49C5B0CD}.Debug|Any CPU.Deploy.0 = Debug|Any CPU
		{29DDB963-276B-469B-845C-A22C49C5B0CD}.Debug|ARM.ActiveCfg = Debug|Any CPU
		{29DDB963-276B-469B-845C-A22C49C5B0CD}.Debug|ARM.Build.0 = Debug|Any CPU
		{29DDB963-276B-469B-845C-A22C49C5B0CD}.Debug|ARM.Deploy.0 = Debug|Any CPU
		{29DDB963-276B-469B-845C-A22C49C5B0CD}.Debug|iPhone.ActiveCfg = Debug|Any CPU
		{29DDB963-276B-469B-845C-A22C49C5B0CD}.Debug|iPhone.Build.0 = Debug|Any CPU
		{29DDB963-276B-469B-845C-A22C49C5B0CD}.Debug|iPhone.Deploy.0 = Debug|Any CPU
		{29DDB963-276B-469B-845C-A22C49C5B0CD}.Debug|iPhoneSimulator.ActiveCfg = Debug|Any CPU
		{29DDB963-276B-469B-845C-A22C49C5B0CD}.Debug|iPhoneSimulator.Build.0 = Debug|Any CPU
		{29DDB963-276B-469B-845C-A22C49C5B0CD}.Debug|iPhoneSimulator.Deploy.0 = Debug|Any CPU
		{29DDB963-276B-469B-845C-A22C49C5B0CD}.Debug|x64.ActiveCfg = Debug|Any CPU
		{29DDB963-276B-469B-845C-A22C49C5B0CD}.Debug|x64.Build.0 = Debug|Any CPU
		{29DDB963-276B-469B-845C-A22C49C5B0CD}.Debug|x64.Deploy.0 = Debug|Any CPU
		{29DDB963-276B-469B-845C-A22C49C5B0CD}.Debug|x86.ActiveCfg = Debug|Any CPU
		{29DDB963-276B-469B-845C-A22C49C5B0CD}.Debug|x86.Build.0 = Debug|Any CPU
		{29DDB963-276B-469B-845C-A22C49C5B0CD}.Debug|x86.Deploy.0 = Debug|Any CPU
		{29DDB963-276B-469B-845C-A22C49C5B0CD}.Release|Any CPU.ActiveCfg = Release|Any CPU
		{29DDB963-276B-469B-845C-A22C49C5B0CD}.Release|Any CPU.Build.0 = Release|Any CPU
		{29DDB963-276B-469B-845C-A22C49C5B0CD}.Release|Any CPU.Deploy.0 = Release|Any CPU
		{29DDB963-276B-469B-845C-A22C49C5B0CD}.Release|ARM.ActiveCfg = Release|Any CPU
		{29DDB963-276B-469B-845C-A22C49C5B0CD}.Release|ARM.Build.0 = Release|Any CPU
		{29DDB963-276B-469B-845C-A22C49C5B0CD}.Release|ARM.Deploy.0 = Release|Any CPU
		{29DDB963-276B-469B-845C-A22C49C5B0CD}.Release|iPhone.ActiveCfg = Release|Any CPU
		{29DDB963-276B-469B-845C-A22C49C5B0CD}.Release|iPhone.Build.0 = Release|Any CPU
		{29DDB963-276B-469B-845C-A22C49C5B0CD}.Release|iPhone.Deploy.0 = Release|Any CPU
		{29DDB963-276B-469B-845C-A22C49C5B0CD}.Release|iPhoneSimulator.ActiveCfg = Release|Any CPU
		{29DDB963-276B-469B-845C-A22C49C5B0CD}.Release|iPhoneSimulator.Build.0 = Release|Any CPU
		{29DDB963-276B-469B-845C-A22C49C5B0CD}.Release|iPhoneSimulator.Deploy.0 = Release|Any CPU
		{29DDB963-276B-469B-845C-A22C49C5B0CD}.Release|x64.ActiveCfg = Release|Any CPU
		{29DDB963-276B-469B-845C-A22C49C5B0CD}.Release|x64.Build.0 = Release|Any CPU
		{29DDB963-276B-469B-845C-A22C49C5B0CD}.Release|x64.Deploy.0 = Release|Any CPU
		{29DDB963-276B-469B-845C-A22C49C5B0CD}.Release|x86.ActiveCfg = Release|Any CPU
		{29DDB963-276B-469B-845C-A22C49C5B0CD}.Release|x86.Build.0 = Release|Any CPU
		{29DDB963-276B-469B-845C-A22C49C5B0CD}.Release|x86.Deploy.0 = Release|Any CPU
		{BD6220DA-ACAD-4266-91B2-7FD1538CEBD4}.Debug|Any CPU.ActiveCfg = Debug|Any CPU
		{BD6220DA-ACAD-4266-91B2-7FD1538CEBD4}.Debug|Any CPU.Build.0 = Debug|Any CPU
		{BD6220DA-ACAD-4266-91B2-7FD1538CEBD4}.Debug|ARM.ActiveCfg = Debug|Any CPU
		{BD6220DA-ACAD-4266-91B2-7FD1538CEBD4}.Debug|ARM.Build.0 = Debug|Any CPU
		{BD6220DA-ACAD-4266-91B2-7FD1538CEBD4}.Debug|iPhone.ActiveCfg = Debug|Any CPU
		{BD6220DA-ACAD-4266-91B2-7FD1538CEBD4}.Debug|iPhone.Build.0 = Debug|Any CPU
		{BD6220DA-ACAD-4266-91B2-7FD1538CEBD4}.Debug|iPhoneSimulator.ActiveCfg = Debug|Any CPU
		{BD6220DA-ACAD-4266-91B2-7FD1538CEBD4}.Debug|iPhoneSimulator.Build.0 = Debug|Any CPU
		{BD6220DA-ACAD-4266-91B2-7FD1538CEBD4}.Debug|x64.ActiveCfg = Debug|Any CPU
		{BD6220DA-ACAD-4266-91B2-7FD1538CEBD4}.Debug|x64.Build.0 = Debug|Any CPU
		{BD6220DA-ACAD-4266-91B2-7FD1538CEBD4}.Debug|x86.ActiveCfg = Debug|Any CPU
		{BD6220DA-ACAD-4266-91B2-7FD1538CEBD4}.Debug|x86.Build.0 = Debug|Any CPU
		{BD6220DA-ACAD-4266-91B2-7FD1538CEBD4}.Release|Any CPU.ActiveCfg = Release|Any CPU
		{BD6220DA-ACAD-4266-91B2-7FD1538CEBD4}.Release|Any CPU.Build.0 = Release|Any CPU
		{BD6220DA-ACAD-4266-91B2-7FD1538CEBD4}.Release|ARM.ActiveCfg = Release|Any CPU
		{BD6220DA-ACAD-4266-91B2-7FD1538CEBD4}.Release|ARM.Build.0 = Release|Any CPU
		{BD6220DA-ACAD-4266-91B2-7FD1538CEBD4}.Release|iPhone.ActiveCfg = Release|Any CPU
		{BD6220DA-ACAD-4266-91B2-7FD1538CEBD4}.Release|iPhone.Build.0 = Release|Any CPU
		{BD6220DA-ACAD-4266-91B2-7FD1538CEBD4}.Release|iPhoneSimulator.ActiveCfg = Release|Any CPU
		{BD6220DA-ACAD-4266-91B2-7FD1538CEBD4}.Release|iPhoneSimulator.Build.0 = Release|Any CPU
		{BD6220DA-ACAD-4266-91B2-7FD1538CEBD4}.Release|x64.ActiveCfg = Release|Any CPU
		{BD6220DA-ACAD-4266-91B2-7FD1538CEBD4}.Release|x64.Build.0 = Release|Any CPU
		{BD6220DA-ACAD-4266-91B2-7FD1538CEBD4}.Release|x86.ActiveCfg = Release|Any CPU
		{BD6220DA-ACAD-4266-91B2-7FD1538CEBD4}.Release|x86.Build.0 = Release|Any CPU
		{CC1DBDC2-86A1-42A1-A27E-6B9CF1B4BA17}.Debug|Any CPU.ActiveCfg = Debug|Any CPU
		{CC1DBDC2-86A1-42A1-A27E-6B9CF1B4BA17}.Debug|Any CPU.Build.0 = Debug|Any CPU
		{CC1DBDC2-86A1-42A1-A27E-6B9CF1B4BA17}.Debug|ARM.ActiveCfg = Debug|Any CPU
		{CC1DBDC2-86A1-42A1-A27E-6B9CF1B4BA17}.Debug|ARM.Build.0 = Debug|Any CPU
		{CC1DBDC2-86A1-42A1-A27E-6B9CF1B4BA17}.Debug|iPhone.ActiveCfg = Debug|Any CPU
		{CC1DBDC2-86A1-42A1-A27E-6B9CF1B4BA17}.Debug|iPhone.Build.0 = Debug|Any CPU
		{CC1DBDC2-86A1-42A1-A27E-6B9CF1B4BA17}.Debug|iPhoneSimulator.ActiveCfg = Debug|Any CPU
		{CC1DBDC2-86A1-42A1-A27E-6B9CF1B4BA17}.Debug|iPhoneSimulator.Build.0 = Debug|Any CPU
		{CC1DBDC2-86A1-42A1-A27E-6B9CF1B4BA17}.Debug|x64.ActiveCfg = Debug|Any CPU
		{CC1DBDC2-86A1-42A1-A27E-6B9CF1B4BA17}.Debug|x64.Build.0 = Debug|Any CPU
		{CC1DBDC2-86A1-42A1-A27E-6B9CF1B4BA17}.Debug|x86.ActiveCfg = Debug|Any CPU
		{CC1DBDC2-86A1-42A1-A27E-6B9CF1B4BA17}.Debug|x86.Build.0 = Debug|Any CPU
		{CC1DBDC2-86A1-42A1-A27E-6B9CF1B4BA17}.Release|Any CPU.ActiveCfg = Release|Any CPU
		{CC1DBDC2-86A1-42A1-A27E-6B9CF1B4BA17}.Release|Any CPU.Build.0 = Release|Any CPU
		{CC1DBDC2-86A1-42A1-A27E-6B9CF1B4BA17}.Release|ARM.ActiveCfg = Release|Any CPU
		{CC1DBDC2-86A1-42A1-A27E-6B9CF1B4BA17}.Release|ARM.Build.0 = Release|Any CPU
		{CC1DBDC2-86A1-42A1-A27E-6B9CF1B4BA17}.Release|iPhone.ActiveCfg = Release|Any CPU
		{CC1DBDC2-86A1-42A1-A27E-6B9CF1B4BA17}.Release|iPhone.Build.0 = Release|Any CPU
		{CC1DBDC2-86A1-42A1-A27E-6B9CF1B4BA17}.Release|iPhoneSimulator.ActiveCfg = Release|Any CPU
		{CC1DBDC2-86A1-42A1-A27E-6B9CF1B4BA17}.Release|iPhoneSimulator.Build.0 = Release|Any CPU
		{CC1DBDC2-86A1-42A1-A27E-6B9CF1B4BA17}.Release|x64.ActiveCfg = Release|Any CPU
		{CC1DBDC2-86A1-42A1-A27E-6B9CF1B4BA17}.Release|x64.Build.0 = Release|Any CPU
		{CC1DBDC2-86A1-42A1-A27E-6B9CF1B4BA17}.Release|x86.ActiveCfg = Release|Any CPU
		{CC1DBDC2-86A1-42A1-A27E-6B9CF1B4BA17}.Release|x86.Build.0 = Release|Any CPU
	EndGlobalSection
	GlobalSection(SolutionProperties) = preSolution
		HideSolutionNode = FALSE
	EndGlobalSection
	GlobalSection(ExtensibilityGlobals) = postSolution
		SolutionGuid = {7F7CD240-5099-49DD-AE54-7DA9C7B44106}
	EndGlobalSection
EndGlobal
